
Microsoft Visual Studio Solution File, Format Version 12.00
# Visual Studio 2013
VisualStudioVersion = 12.0.21005.1
MinimumVisualStudioVersion = 10.0.40219.1
Project("{FAE04EC0-301F-11D3-BF4B-00C04F79EFBC}") = "TodoList", "TodoList\TodoList.csproj", "{55CC2A68-8058-405E-9C2B-DCC634BD0047}"
EndProject
Project("{FAE04EC0-301F-11D3-BF4B-00C04F79EFBC}") = "TodoList.Tests", "TodoList.Tests\TodoList.Tests.csproj", "{FFBE8870-B9AF-403C-AC07-95C7A9A904B2}"
EndProject
Global
	GlobalSection(SolutionConfigurationPlatforms) = preSolution
		Debug|Any CPU = Debug|Any CPU
		Release|Any CPU = Release|Any CPU
	EndGlobalSection
	GlobalSection(ProjectConfigurationPlatforms) = postSolution
		{55CC2A68-8058-405E-9C2B-DCC634BD0047}.Debug|Any CPU.ActiveCfg = Debug|Any CPU
		{55CC2A68-8058-405E-9C2B-DCC634BD0047}.Debug|Any CPU.Build.0 = Debug|Any CPU
		{55CC2A68-8058-405E-9C2B-DCC634BD0047}.Release|Any CPU.ActiveCfg = Release|Any CPU
		{55CC2A68-8058-405E-9C2B-DCC634BD0047}.Release|Any CPU.Build.0 = Release|Any CPU
		{FFBE8870-B9AF-403C-AC07-95C7A9A904B2}.Debug|Any CPU.ActiveCfg = Debug|Any CPU
		{FFBE8870-B9AF-403C-AC07-95C7A9A904B2}.Debug|Any CPU.Build.0 = Debug|Any CPU
		{FFBE8870-B9AF-403C-AC07-95C7A9A904B2}.Release|Any CPU.ActiveCfg = Release|Any CPU
		{FFBE8870-B9AF-403C-AC07-95C7A9A904B2}.Release|Any CPU.Build.0 = Release|Any CPU
	EndGlobalSection
	GlobalSection(SolutionProperties) = preSolution
		HideSolutionNode = FALSE
	EndGlobalSection
EndGlobal
